
Microsoft Visual Studio Solution File, Format Version 12.00
# Visual Studio Version 16
VisualStudioVersion = 16.0.30523.141
MinimumVisualStudioVersion = 10.0.40219.1
Project("{FAE04EC0-301F-11D3-BF4B-00C04F79EFBC}") = "Epstein_Ross_Interfaces", "Epstein_Ross_Interfaces\Epstein_Ross_Interfaces.csproj", "{26F71448-8299-422F-B03D-A7D1CCAEC393}"
EndProject
Global
	GlobalSection(SolutionConfigurationPlatforms) = preSolution
		Debug|Any CPU = Debug|Any CPU
		Release|Any CPU = Release|Any CPU
	EndGlobalSection
	GlobalSection(ProjectConfigurationPlatforms) = postSolution
		{26F71448-8299-422F-B03D-A7D1CCAEC393}.Debug|Any CPU.ActiveCfg = Debug|Any CPU
		{26F71448-8299-422F-B03D-A7D1CCAEC393}.Debug|Any CPU.Build.0 = Debug|Any CPU
		{26F71448-8299-422F-B03D-A7D1CCAEC393}.Release|Any CPU.ActiveCfg = Release|Any CPU
		{26F71448-8299-422F-B03D-A7D1CCAEC393}.Release|Any CPU.Build.0 = Release|Any CPU
	EndGlobalSection
	GlobalSection(SolutionProperties) = preSolution
		HideSolutionNode = FALSE
	EndGlobalSection
	GlobalSection(ExtensibilityGlobals) = postSolution
		SolutionGuid = {A5446892-1B14-43B5-B487-AB867308A997}
	EndGlobalSection
EndGlobal
